{
  "object": {
    "pins": [
      {
        "package": "OHHTTPStubs",
        "repositoryURL": "https://github.com/AliSoftware/OHHTTPStubs",
        "state": {
          "branch": null,
          "revision": "12f19662426d0434d6c330c6974d53e2eb10ecd9",
          "version": "9.1.0"
        }
      },
      {
        "package": "Semver",
        "repositoryURL": "https://github.com/ddddxxx/Semver",
        "state": {
          "branch": null,
          "revision": "6094e6f23a02b52b5d211fd114a4750c4f3ecef3",
          "version": "0.2.1"
        }
      },
      {
        "package": "SwiftProtobuf",
        "repositoryURL": "https://github.com/apple/swift-protobuf",
        "state": {
          "branch": null,
          "revision": "c169a5744230951031770e27e475ff6eefe51f9d",
          "version": "1.33.3"
        }
      }
    ]
  },
  "version": 1
}
